PODS:
  - SwiftyPageController (0.1.0)

DEPENDENCIES:
  - SwiftyPageController (from `../`)

EXTERNAL SOURCES:
  SwiftyPageController:
    :path: ../

SPEC CHECKSUMS:
  SwiftyPageController: 0466fe3466a8f51f09eb9fe973749c435168e183

PODFILE CHECKSUM: 6cf86b7e8f085b125780d992e0ab9f2efc1dc7c4

COCOAPODS: 1.2.0
